
Microsoft Visual Studio Solution File, Format Version 12.00
# Visual Studio Version 16
VisualStudioVersion = 16.0.36227.6
MinimumVisualStudioVersion = 10.0.40219.1
Project("{9A19103F-16F7-4668-BE54-9A1E7A4F7556}") = "Frontend_bot", "Frontend_bot.csproj", "{84FBCEC9-AA68-42EC-8E79-394DFDBD95A3}"
EndProject
Global
	GlobalSection(SolutionConfigurationPlatforms) = preSolution
		Debug|Any CPU = Debug|Any CPU
		Release|Any CPU = Release|Any CPU
	EndGlobalSection
	GlobalSection(ProjectConfigurationPlatforms) = postSolution
		{84FBCEC9-AA68-42EC-8E79-394DFDBD95A3}.Debug|Any CPU.ActiveCfg = Debug|Any CPU
		{84FBCEC9-AA68-42EC-8E79-394DFDBD95A3}.Debug|Any CPU.Build.0 = Debug|Any CPU
		{84FBCEC9-AA68-42EC-8E79-394DFDBD95A3}.Release|Any CPU.ActiveCfg = Release|Any CPU
		{84FBCEC9-AA68-42EC-8E79-394DFDBD95A3}.Release|Any CPU.Build.0 = Release|Any CPU
	EndGlobalSection
	GlobalSection(SolutionProperties) = preSolution
		HideSolutionNode = FALSE
	EndGlobalSection
	GlobalSection(ExtensibilityGlobals) = postSolution
		SolutionGuid = {44305B60-D29C-453F-AF21-02B8F2D854DC}
	EndGlobalSection
EndGlobal
